
Microsoft Visual Studio Solution File, Format Version 12.00
# Visual Studio Version 17
VisualStudioVersion = 17.9.34616.47
MinimumVisualStudioVersion = 10.0.40219.1
Project("{FAE04EC0-301F-11D3-BF4B-00C04F79EFBC}") = "JsonBenchmarking", "JsonBenchmarking\JsonBenchmarking.csproj", "{B5DAEE3E-592C-493E-BE6A-8ECF762F86DB}"
EndProject
Global
	GlobalSection(SolutionConfigurationPlatforms) = preSolution
		Debug|Any CPU = Debug|Any CPU
		Release|Any CPU = Release|Any CPU
	EndGlobalSection
	GlobalSection(ProjectConfigurationPlatforms) = postSolution
		{B5DAEE3E-592C-493E-BE6A-8ECF762F86DB}.Debug|Any CPU.ActiveCfg = Debug|Any CPU
		{B5DAEE3E-592C-493E-BE6A-8ECF762F86DB}.Debug|Any CPU.Build.0 = Debug|Any CPU
		{B5DAEE3E-592C-493E-BE6A-8ECF762F86DB}.Release|Any CPU.ActiveCfg = Release|Any CPU
		{B5DAEE3E-592C-493E-BE6A-8ECF762F86DB}.Release|Any CPU.Build.0 = Release|Any CPU
	EndGlobalSection
	GlobalSection(SolutionProperties) = preSolution
		HideSolutionNode = FALSE
	EndGlobalSection
	GlobalSection(ExtensibilityGlobals) = postSolution
		SolutionGuid = {D0B04F71-E199-42B6-9ADC-87FB094E41F1}
	EndGlobalSection
EndGlobal
